
Microsoft Visual Studio Solution File, Format Version 12.00
# Visual Studio Version 16
VisualStudioVersion = 16.0.30204.135
MinimumVisualStudioVersion = 10.0.40219.1
Project("{FAE04EC0-301F-11D3-BF4B-00C04F79EFBC}") = "BestfriendsService", "BestfriendsService\BestfriendsService.csproj", "{59455F69-B0A5-48C7-9773-D408F0950A27}"
EndProject
Global
	GlobalSection(SolutionConfigurationPlatforms) = preSolution
		Debug|Any CPU = Debug|Any CPU
		Release|Any CPU = Release|Any CPU
	EndGlobalSection
	GlobalSection(ProjectConfigurationPlatforms) = postSolution
		{59455F69-B0A5-48C7-9773-D408F0950A27}.Debug|Any CPU.ActiveCfg = Debug|Any CPU
		{59455F69-B0A5-48C7-9773-D408F0950A27}.Debug|Any CPU.Build.0 = Debug|Any CPU
		{59455F69-B0A5-48C7-9773-D408F0950A27}.Release|Any CPU.ActiveCfg = Release|Any CPU
		{59455F69-B0A5-48C7-9773-D408F0950A27}.Release|Any CPU.Build.0 = Release|Any CPU
	EndGlobalSection
	GlobalSection(SolutionProperties) = preSolution
		HideSolutionNode = FALSE
	EndGlobalSection
	GlobalSection(ExtensibilityGlobals) = postSolution
		SolutionGuid = {5655DFD8-121D-4F3D-B0BE-5A53EB98D212}
	EndGlobalSection
EndGlobal
